
Microsoft Visual Studio Solution File, Format Version 12.00
# Visual Studio 15
VisualStudioVersion = 15.0.28307.572
MinimumVisualStudioVersion = 10.0.40219.1
Project("{FAE04EC0-301F-11D3-BF4B-00C04F79EFBC}") = "WPFClient", "WPFClient\WPFClient.csproj", "{7C2FBB1C-F129-40D7-A387-97308EDF05C5}"
EndProject
Global
	GlobalSection(SolutionConfigurationPlatforms) = preSolution
		Debug|Any CPU = Debug|Any CPU
		Release|Any CPU = Release|Any CPU
	EndGlobalSection
	GlobalSection(ProjectConfigurationPlatforms) = postSolution
		{7C2FBB1C-F129-40D7-A387-97308EDF05C5}.Debug|Any CPU.ActiveCfg = Debug|Any CPU
		{7C2FBB1C-F129-40D7-A387-97308EDF05C5}.Debug|Any CPU.Build.0 = Debug|Any CPU
		{7C2FBB1C-F129-40D7-A387-97308EDF05C5}.Release|Any CPU.ActiveCfg = Release|Any CPU
		{7C2FBB1C-F129-40D7-A387-97308EDF05C5}.Release|Any CPU.Build.0 = Release|Any CPU
	EndGlobalSection
	GlobalSection(SolutionProperties) = preSolution
		HideSolutionNode = FALSE
	EndGlobalSection
	GlobalSection(ExtensibilityGlobals) = postSolution
		SolutionGuid = {119FE142-1233-4278-976E-FF6CA44E7133}
	EndGlobalSection
EndGlobal
